github.com/Azure/go-ansiterm v0.0.0-20210617225240-d185dfc1b5a1 h1:UQHMgLO+TxOElx5B5HZ4hJQsoJ/PvUvKRhJHDQXO8P8=
github.com/Azure/go-ansiterm v0.0.0-20210617225240-d185dfc1b5a1/go.mod h1:xomTg63KZ2rFqZQzSB4Vz2SUXa1BpHTVz9L5PTmPC4E=
github.com/Azure/go-autorest v10.8.1+incompatible/go.mod h1:r+4oMnoxhatjLLJ6zxSWATqVooLgysK6ZNox3g/xq24=
github.com/Azure/go-autorest v14.2.0+incompatible/go.mod h1:r+4oMnoxhatjLLJ6zxSWATqVooLgysK6ZNox3g/xq24=
github.com/Azure/go-autorest/autorest v0.11.1/go.mod h1:JFgpikqFJ/MleTTxwepExTKnFUKKszPS8UavbQYUMuw=
github.com/Azure/go-autorest/autorest/adal v0.9.0/go.mod h1:/c022QCutn2P7uY+/oQWWNcK9YU+MH96NgK+jErpbcg=
github.com/Azure/go-autorest/autorest/adal v0.9.5/go.mod h1:B7KF7jKIeC9Mct5spmyCB/A8CG/sEz1vwIRGv/bbw7A=
github.com/Azure/go-autorest/autorest/date v0.3.0/go.mod h1:BI0uouVdmngYNUzGWeSYnokU+TrmwEsOqdt8Y6sso74=
github.com/Azure/go-autorest/autorest/mocks v0.4.0/go.mod h1:LTp+uSrOhSkaKrUy935gNZuuIPPVsHlr9DSOxSayd+k=
github.com/Azure/go-autorest/autorest/mocks v0.4.1/go.mod h1:LTp+uSrOhSkaKrUy935gNZuuIPPVsHlr9DSOxSayd+k=
github.com/Azure/go-autorest/logger v0.2.0/go.mod h1:T9E3cAhj2VqvPOtCYAvby9aBXkZmbF5NWuPV8+WeEW8=
github.com/Azure/go-autorest/tracing v0.6.0/go.mod h1:+vhtPC754Xsa23ID7GlGsrdKBpUA79WCAKPPZVC2DeU=
github.com/BurntSushi/toml v0.3.1/go.mod h1:xHWCNGjB5oqiDr8zfno3MHue2Ht5sIBksp03qcyfWMU=
github.com/BurntSushi/xgb v0.0.0-20160522181843-27f122750802/go.mod h1:IVnqGOEym/WlBOVXweHU+Q+/VP0lqqI8lqeDx9IjBqo=
github.com/Microsoft/go-winio v0.4.11/go.mod h1:VhR8bwka0BXejwEJY73c50VrPtXAaKcyvVC4A4RozmA=
github.com/Microsoft/go-winio v0.4.14/go.mod h1:qXqCSQ3Xa7+6tgxaGTIe4Kpcdsi+P8jBhyzoq1bpyYA=
github.com/Microsoft/go-winio v0.4.15-0.20190919025122-fc70bd9a86b5/go.mod h1:tTuCMEN+UleMWgg9dVx4Hu52b1bJo+59jBh3ajtinzw=
github.com/Microsoft/go-winio v0.4.16-0.20201130162521-d1ffc52c7331/go.mod h1:XB6nPKklQyQ7GC9LdcBEcBl8PF76WugXOPRXwdLnMv0=
github.com/Microsoft/go-winio v0.4.16/go.mod h1:XB6nPKklQyQ7GC9LdcBEcBl8PF76WugXOPRXwdLnMv0=
github.com/Microsoft/go-winio v0.4.17-0.20210211115548-6eac466e5fa3/go.mod h1:JPGBdM1cNvN/6ISo+n8V5iA4v8pBzdOpzfwIujj1a84=
github.com/Microsoft/go-winio v0.4.17-0.20210324224401-5516f17a5958/go.mod h1:JPGBdM1cNvN/6ISo+n8V5iA4v8pBzdOpzfwIujj1a84=
github.com/Microsoft/go-winio v0.4.17/go.mod h1:JPGBdM1cNvN/6ISo+n8V5iA4v8pBzdOpzfwIujj1a84=
github.com/Microsoft/go-winio v0.5.2 h1:a9IhgEQBCUEk6QCdml9CiJGhAws+YwffDHEMp1VMrpA=
github.com/Microsoft/go-winio v0.5.2/go.mod h1:WpS1mjBmmwHBEWmogvA2mj8546UReBk4v8QkMxJ6pZY=
github.com/Microsoft/hcsshim v0.8.6/go.mod h1:Op3hHsoHPAvb6lceZHDtd9OkTew38wNoXnJs8iY7rUg=
github.com/Microsoft/hcsshim v0.8.7-0.20190325164909-8abdbb8205e4/go.mod h1:Op3hHsoHPAvb6lceZHDtd9OkTew38wNoXnJs8iY7rUg=
github.com/Microsoft/hcsshim v0.8.7/go.mod h1:OHd7sQqRFrYd3RmSgbgji+ctCwkbq2wbEYNSzOYtcBQ=
github.com/Microsoft/hcsshim v0.8.9/go.mod h1:5692vkUqntj1idxauYlpoINNKeqCiG6Sg38RRsjT5y8=
github.com/Microsoft/hcsshim v0.8.14/go.mod h1:NtVKoYxQuTLx6gEq0L96c9Ju4JbRJ4nY2ow3VK6a9Lg=
github.com/Microsoft/hcsshim v0.8.15/go.mod h1:x38A4YbHbdxJtc0sF6oIz+RG0npwSCAvn69iY6URG00=
github.com/Microsoft/hcsshim v0.8.16/go.mod h1:o5/SZqmR7x9JNKsW3pu+nqHm0MF8vbA+VxGOoXdC600=
github.com/Microsoft/hcsshim v0.8.21/go.mod h1:+w2gRZ5ReXQhFOrvSQeNfhrYB/dg3oDwTOcER2fw4I4=
github.com/Microsoft/hcsshim v0.9.2 h1:wB06W5aYFfUB3IvootYAY2WnOmIdgPGfqSI6tufQNnY=
github.com/Microsoft/hcsshim v0.9.2/go.mod h1:7pLA8lDk46WKDWlVsENo92gC0XFa8rbKfyFRBqxEbCc=
github.com/Microsoft/hcsshim/test v0.0.0-20201218223536-d3e5debf77da/go.mod h1:5hlzMzRKMLyo42nCZ9oml8AdTlq/0cvIaBv6tK1RehU=
github.com/Microsoft/hcsshim/test v0.0.0-20210227013316-43a75bb4edd3/go.mod h1:mw7qgWloBUl75W/gVH3cQszUg1+gUITj7D6NY7ywVnY=
github.com/NYTimes/gziphandler v0.0.0-20170623195520-56545f4a5d46/go.mod h1:3wb06e3pkSAbeQ52E9H9iFoQsEEwGN64994WTCIhntQ=
github.com/OneOfOne/xxhash v1.2.2/go.mod h1:HSdplMjZKSmBqAxg5vPj2TmRDmfkzw+cTzAElWljhcU=
github.com/PuerkitoBio/purell v1.0.0/go.mod h1:c11w/QuzBsJSee3cPx9rAFu61PvFxuPbtSwDGJws/X0=
github.com/PuerkitoBio/purell v1.1.1/go.mod h1:c11w/QuzBsJSee3cPx9rAFu61PvFxuPbtSwDGJws/X0=
github.com/PuerkitoBio/urlesc v0.0.0-20160726150825-5bd2802263f2/go.mod h1:uGdkoq3SwY9Y+13GIhn11/XLaGBb4BfwItxLd5jeuXE=
github.com/PuerkitoBio/urlesc v0.0.0-20170810143723-de5bf2ad4578/go.mod h1:uGdkoq3SwY9Y+13GIhn11/XLaGBb4BfwItxLd5jeuXE=
github.com/Shopify/logrus-bugsnag v0.0.0-20171204204709-577dee27f20d h1:UrqY+r/OJnIp5u0s1SbQ8dVfLCZJsnvazdBP5hS4iRs=
github.com/Shopify/logrus-bugsnag v0.0.0-20171204204709-577dee27f20d/go.mod h1:HI8ITrYtUY+O+ZhtlqUnD8+KwNPOyugEhfP9fdUIaEQ=
github.com/Wwwsylvia/oras-go/v2 v2.0.0-20220602162351-5d467e496c73 h1:nQ3Q6DGYp111AOzbhEq5jcKZz2UOkWmwoLHEbwFA59I=
github.com/Wwwsylvia/oras-go/v2 v2.0.0-20220602162351-5d467e496c73/go.mod h1:0IQiLwHUJuMs0+QYGavaeQWw5FD4ABD/RP5YamXT/sc=
github.com/alecthomas/template v0.0.0-20160405071501-a0175ee3bccc/go.mod h1:LOuyumcjzFXgccqObfd/Ljyb9UuFJ6TxHnclSeseNhc=
github.com/alecthomas/template v0.0.0-20190718012654-fb15b899a751/go.mod h1:LOuyumcjzFXgccqObfd/Ljyb9UuFJ6TxHnclSeseNhc=
github.com/alecthomas/units v0.0.0-20151022065526-2efee857e7cf/go.mod h1:ybxpYRFXyAe+OPACYpWeL0wqObRcbAqCMya13uyzqw0=
github.com/alecthomas/units v0.0.0-20190717042225-c3de453c63f4/go.mod h1:ybxpYRFXyAe+OPACYpWeL0wqObRcbAqCMya13uyzqw0=
github.com/alecthomas/units v0.0.0-20190924025748-f65c72e2690d/go.mod h1:rBZYJk541a8SKzHPHnH3zbiI+7dagKZ0cgpgrD7Fyho=
github.com/alexflint/go-filemutex v0.0.0-20171022225611-72bdc8eae2ae/go.mod h1:CgnQgUtFrFz9mxFNtED3jI5tLDjKlOM+oUF/sTk6ps0=
github.com/antihax/optional v1.0.0/go.mod h1:uupD/76wgC+ih3iEmQUL+0Ugr19nfwCT1kdvxnR2qWY=
github.com/armon/consul-api v0.0.0-20180202201655-eb2c6b5be1b6/go.mod h1:grANhF5doyWs3UAsr3K4I6qtAmlQcZDesFNEHPZAzj8=
github.com/asaskevich/govalidator v0.0.0-20190424111038-f61b66f89f4a/go.mod h1:lB+ZfQJz7igIIfQNfa7Ml4HSf2uFQQRzpGGRXenZAgY=
github.com/aws/aws-sdk-go v1.15.11/go.mod h1:mFuSZ37Z9YOHbQEwBWztmVzqXrEkub65tZoCYDt7FT0=
github.com/beorn7/perks v0.0.0-20160804104726-4c0e84591b9a/go.mod h1:Dwedo/Wpr24TaqPxmxbtue+5NUziq4I4S80YR8gNf3Q=
github.com/beorn7/perks v0.0.0-20180321164747-3a771d992973/go.mod h1:Dwedo/Wpr24TaqPxmxbtue+5NUziq4I4S80YR8gNf3Q=
github.com/beorn7/perks v1.0.0/go.mod h1:KWe93zE9D1o94FZ5RNwFwVgaQK1VOXiVxmqh+CedLV8=
github.com/beorn7/perks v1.0.1 h1:VlbKKnNfV8bJzeqoa4cOKqO6bYr3WgKZxO8Z16+hsOM=
github.com/beorn7/perks v1.0.1/go.mod h1:G2ZrVWU2WbWT9wwq4/hrbKbnv/1ERSJQ0ibhJ6rlkpw=
github.com/bgentry/speakeasy v0.1.0/go.mod h1:+zsyZBPWlz7T6j88CTgSN5bM796AkVf0kBD4zp0CCIs=
github.com/bitly/go-simplejson v0.5.0/go.mod h1:cXHtHw4XUPsvGaxgjIAn8PhEWG9NfngEKAMDJEczWVA=
github.com/bits-and-blooms/bitset v1.2.0/go.mod h1:gIdJ4wp64HaoK2YrL1Q5/N7Y16edYb8uY+O0FJTyyDA=
github.com/blang/semver v3.1.0+incompatible/go.mod h1:kRBLl5iJ+tD4TcOOxsy/0fnwebNt5EWlYSAyrTnjyyk=
github.com/blang/semver v3.5.1+incompatible/go.mod h1:kRBLl5iJ+tD4TcOOxsy/0fnwebNt5EWlYSAyrTnjyyk=
github.com/bmizerany/assert v0.0.0-20160611221934-b7ed37b82869/go.mod h1:Ekp36dRnpXw/yCqJaO+ZrUyxD+3VXMFFr56k5XYrpB4=
github.com/bshuster-repo/logrus-logstash-hook v0.4.1 h1:pgAtgj+A31JBVtEHu2uHuEx0n+2ukqUJnS2vVe5pQNA=
github.com/bshuster-repo/logrus-logstash-hook v0.4.1/go.mod h1:zsTqEiSzDgAa/8GZR7E1qaXrhYNDKBYy5/dWPTIflbk=
github.com/buger/jsonparser v0.0.0-20180808090653-f4dd9f5a6b44/go.mod h1:bbYlZJ7hK1yFx9hf58LP0zeX7UjIGs20ufpu3evjr+s=
github.com/bugsnag/bugsnag-go v0.0.0-20141110184014-b1d153021fcd h1:rFt+Y/IK1aEZkEHchZRSq9OQbsSzIT/OrI8YFFmRIng=
github.com/bugsnag/bugsnag-go v0.0.0-20141110184014-b1d153021fcd/go.mod h1:2oa8nejYd4cQ/b0hMIopN0lCRxU0bueqREvZLWFrtK8=
github.com/bugsnag/osext v0.0.0-20130617224835-0dd3f918b21b h1:otBG+dV+YK+Soembjv71DPz3uX/V/6MMlSyD9JBQ6kQ=
github.com/bugsnag/osext v0.0.0-20130617224835-0dd3f918b21b/go.mod h1:obH5gd0BsqsP2LwDJ9aOkm/6J86V6lyAXCoQWGw3K50=
github.com/bugsnag/panicwrap v0.0.0-20151223152923-e2c28503fcd0 h1:nvj0OLI3YqYXer/kZD8Ri1aaunCxIEsOst1BVJswV0o=
github.com/bugsnag/panicwrap v0.0.0-20151223152923-e2c28503fcd0/go.mod h1:D/8v3kj0zr8ZAKg1AQ6crr+5VwKN5eIywRkfhyM/+dE=
github.com/cenkalti/backoff/v4 v4.1.1/go.mod h1:scbssz8iZGpm3xbr14ovlUdkxfGXNInqkPWOWmG2CLw=
github.com/census-instrumentation/opencensus-proto v0.2.1/go.mod h1:f6KPmirojxKA12rnyqOA5BBL4O983OfeGPqjHWSTneU=
github.com/cespare/xxhash v1.1.0/go.mod h1:XrSqR1VqqWfGrhpAt58auRo0WTKS1nRRg3ghfAqPWnc=
github.com/cespare/xxhash/v2 v2.1.1/go.mod h1:VGX0DQ3Q6kWi7AoAeZDth3/j3BFtOZR5XLFGgcrjCOs=
github.com/cespare/xxhash/v2 v2.1.2 h1:YRXhKfTDauu4ajMg1TPgFO5jnlC2HCbmLXMcTG5cbYE=
github.com/cespare/xxhash/v2 v2.1.2/go.mod h1:VGX0DQ3Q6kWi7AoAeZDth3/j3BFtOZR5XLFGgcrjCOs=
github.com/checkpoint-restore/go-criu/v4 v4.1.0/go.mod h1:xUQBLp4RLc5zJtWY++yjOoMoB5lihDt7fai+75m+rGw=
github.com/checkpoint-restore/go-criu/v5 v5.0.0/go.mod h1:cfwC0EG7HMUenopBsUf9d89JlCLQIfgVcNsNN0t6T2M=
github.com/checkpoint-restore/go-criu/v5 v5.3.0/go.mod h1:E/eQpaFtUKGOOSEBZgmKAcn+zUUwWxqcaKZlF54wK8E=
github.com/chzyer/logex v1.1.10/go.mod h1:+Ywpsq7O8HXn0nuIou7OrIPyXbp3wmkHB+jjWRnGsAI=
github.com/chzyer/readline v0.0.0-20180603132655-2972be24d48e/go.mod h1:nSuG5e5PlCu98SY8svDHJxuZscDgtXS6KTTbou5AhLI=
github.com/chzyer/test v0.0.0-20180213035817-a1ea475d72b1/go.mod h1:Q3SI9o4m/ZMnBNeIyt5eFwwo7qiLfzFZmjNmxjkiQlU=
github.com/cilium/ebpf v0.0.0-20200110133405-4032b1d8aae3/go.mod h1:MA5e5Lr8slmEg9bt0VpxxWqJlO4iwu3FBdHUzV7wQVg=
github.com/cilium/ebpf v0.0.0-20200702112145-1c8d4c9ef775/go.mod h1:7cR51M8ViRLIdUjrmSXlK9pkrsDlLHbO8jiB8X8JnOc=
github.com/cilium/ebpf v0.2.0/go.mod h1:To2CFviqOWL/M0gIMsvSMlqe7em/l1ALkX1PyjrX2Qs=
github.com/cilium/ebpf v0.4.0/go.mod h1:4tRaxcgiL706VnOzHOdBlY8IEAIdxINsQBcU4xJJXRs=
github.com/cilium/ebpf v0.6.2/go.mod h1:4tRaxcgiL706VnOzHOdBlY8IEAIdxINsQBcU4xJJXRs=
github.com/cilium/ebpf v0.7.0/go.mod h1:/oI2+1shJiTGAMgl6/RgJr36Eo1jzrRcAWbcXO2usCA=
github.com/client9/misspell v0.3.4/go.mod h1:qj6jICC3Q7zFZvVWo7KLAzC3yx5G7kyvSDkc90ppPyw=
github.com/cncf/udpa/go v0.0.0-20191209042840-269d4d468f6f/go.mod h1:M8M6+tZqaGXZJjfX53e64911xZQV5JYwmTeXPW+k8Sc=
github.com/cncf/udpa/go v0.0.0-20201120205902-5459f2c99403/go.mod h1:WmhPx2Nbnhtbo57+VJT5O0JRkEi1Wbu0z5j0R8u5Hbk=
github.com/cncf/udpa/go v0.0.0-20210930031921-04548b0d99d4/go.mod h1:6pvJx4me5XPnfI9Z40ddWsdw2W/uZgQLFXToKeRcDiI=
github.com/cncf/xds/go v0.0.0-20210312221358-fbca930ec8ed/go.mod h1:eXthEFrGJvWHgFFCl3hGmgk+/aYT6PnTQLykKQRLhEs=
github.com/cncf/xds/go v0.0.0-20210805033703-aa0b78936158/go.mod h1:eXthEFrGJvWHgFFCl3hGmgk+/aYT6PnTQLykKQRLhEs=
github.com/cncf/xds/go v0.0.0-20210922020428-25de7278fc84/go.mod h1:eXthEFrGJvWHgFFCl3hGmgk+/aYT6PnTQLykKQRLhEs=
github.com/cncf/xds/go v0.0.0-20211011173535-cb28da3451f1/go.mod h1:eXthEFrGJvWHgFFCl3hGmgk+/aYT6PnTQLykKQRLhEs=
github.com/cockroachdb/datadriven v0.0.0-20190809214429-80d97fb3cbaa/go.mod h1:zn76sxSg3SzpJ0PPJaLDCu+Bu0Lg3sKTORVIj19EIF8=
github.com/containerd/aufs v0.0.0-20200908144142-dab0cbea06f4/go.mod h1:nukgQABAEopAHvB6j7cnP5zJ+/3aVcE7hCYqvIwAHyE=
github.com/containerd/aufs v0.0.0-20201003224125-76a6863f2989/go.mod h1:AkGGQs9NM2vtYHaUen+NljV0/baGCAPELGm2q9ZXpWU=
github.com/containerd/aufs v0.0.0-20210316121734-20793ff83c97/go.mod h1:kL5kd6KM5TzQjR79jljyi4olc1Vrx6XBlcyj3gNv2PU=
github.com/containerd/aufs v1.0.0/go.mod h1:kL5kd6KM5TzQjR79jljyi4olc1Vrx6XBlcyj3gNv2PU=
github.com/containerd/btrfs v0.0.0-20201111183144-404b9149801e/go.mod h1:jg2QkJcsabfHugurUvvPhS3E08Oxiuh5W/g1ybB4e0E=
github.com/containerd/btrfs v0.0.0-20210316141732-918d888fb676/go.mod h1:zMcX3qkXTAi9GI50+0HOeuV8LU2ryCE/V2vG/ZBiTss=
github.com/containerd/btrfs v1.0.0/go.mod h1:zMcX3qkXTAi9GI50+0HOeuV8LU2ryCE/V2vG/ZBiTss=
github.com/containerd/cgroups v0.0.0-20190717030353-c4b9ac5c7601/go.mod h1:X9rLEHIqSf/wfK8NsPqxJmeZgW4pcfzdXITDrUSJ6uI=
github.com/containerd/cgroups v0.0.0-20190919134610-bf292b21730f/go.mod h1:OApqhQ4XNSNC13gXIwDjhOQxjWa/NxkwZXJ1EvqT0ko=
github.com/containerd/cgroups v0.0.0-20200531161412-0dbf7f05ba59/go.mod h1:pA0z1pT8KYB3TCXK/ocprsh7MAkoW8bZVzPdih9snmM=
github.com/containerd/cgroups v0.0.0-20200710171044-318312a37340/go.mod h1:s5q4SojHctfxANBDvMeIaIovkq29IP48TKAxnhYRxvo=
github.com/containerd/cgroups v0.0.0-20200824123100-0b889c03f102/go.mod h1:s5q4SojHctfxANBDvMeIaIovkq29IP48TKAxnhYRxvo=
github.com/containerd/cgroups v0.0.0-20210114181951-8a68de567b68/go.mod h1:ZJeTFisyysqgcCdecO57Dj79RfL0LNeGiFUqLYQRYLE=
github.com/containerd/cgroups v1.0.1/go.mod h1:0SJrPIenamHDcZhEcJMNBB85rHcUsw4f25ZfBiPYRkU=
github.com/containerd/cgroups v1.0.3 h1:ADZftAkglvCiD44c77s5YmMqaP2pzVCFZvBmAlBdAP4=
github.com/containerd/console v0.0.0-20180822173158-c12b1e7919c1/go.mod h1:Tj/on1eG8kiEhd0+fhSDzsPAFESxzBBvdyEgyryXffw=
github.com/containerd/console v0.0.0-20181022165439-0650fd9eeb50/go.mod h1:Tj/on1eG8kiEhd0+fhSDzsPAFESxzBBvdyEgyryXffw=
github.com/containerd/console v0.0.0-20191206165004-02ecf6a7291e/go.mod h1:8Pf4gM6VEbTNRIT26AyyU7hxdQU3MvAvxVI0sc00XBE=
github.com/containerd/console v1.0.1/go.mod h1:XUsP6YE/mKtz6bxc+I8UiKKTP04qjQL4qcS3XoQ5xkw=
github.com/containerd/console v1.0.2/go.mod h1:ytZPjGgY2oeTkAONYafi2kSj0aYggsf8acV1PGKCbzQ=
github.com/containerd/console v1.0.3/go.mod h1:7LqA/THxQ86k76b8c/EMSiaJ3h1eZkMkXar0TQ1gf3U=
github.com/containerd/containerd v1.2.10/go.mod h1:bC6axHOhabU15QhwfG7w5PipXdVtMXFTttgp+kVtyUA=
github.com/containerd/containerd v1.3.0-beta.2.0.20190828155532-0293cbd26c69/go.mod h1:bC6axHOhabU15QhwfG7w5PipXdVtMXFTttgp+kVtyUA=
github.com/containerd/containerd v1.3.0/go.mod h1:bC6axHOhabU15QhwfG7w5PipXdVtMXFTttgp+kVtyUA=
github.com/containerd/containerd v1.3.1-0.20191213020239-082f7e3aed57/go.mod h1:bC6axHOhabU15QhwfG7w5PipXdVtMXFTttgp+kVtyUA=
github.com/containerd/containerd v1.3.2/go.mod h1:bC6axHOhabU15QhwfG7w5PipXdVtMXFTttgp+kVtyUA=
github.com/containerd/containerd v1.4.0-beta.2.0.20200729163537-40b22ef07410/go.mod h1:bC6axHOhabU15QhwfG7w5PipXdVtMXFTttgp+kVtyUA=
github.com/containerd/containerd v1.4.1/go.mod h1:bC6axHOhabU15QhwfG7w5PipXdVtMXFTttgp+kVtyUA=
github.com/containerd/containerd v1.4.3/go.mod h1:bC6axHOhabU15QhwfG7w5PipXdVtMXFTttgp+kVtyUA=
github.com/containerd/containerd v1.5.0-beta.1/go.mod h1:5HfvG1V2FsKesEGQ17k5/T7V960Tmcumvqn8Mc+pCYQ=
github.com/containerd/containerd v1.5.0-beta.3/go.mod h1:/wr9AVtEM7x9c+n0+stptlo/uBBoBORwEx6ardVcmKU=
github.com/containerd/containerd v1.5.0-beta.4/go.mod h1:GmdgZd2zA2GYIBZ0w09ZvgqEq8EfBp/m3lcVZIvPHhI=
github.com/containerd/containerd v1.5.0-rc.0/go.mod h1:V/IXoMqNGgBlabz3tHD2TWDoTJseu1FGOKuoA4nNb2s=
github.com/containerd/containerd v1.5.1/go.mod h1:0DOxVqwDy2iZvrZp2JUx/E+hS0UNTVn7dJnIOwtYR4g=
github.com/containerd/containerd v1.5.2/go.mod h1:0DOxVqwDy2iZvrZp2JUx/E+hS0UNTVn7dJnIOwtYR4g=
github.com/containerd/containerd v1.5.7/go.mod h1:gyvv6+ugqY25TiXxcZC3L5yOeYgEw0QMhscqVp1AR9c=
github.com/containerd/containerd v1.6.4 h1:SEDZBp10mhCp+hkO3Njz/YhGrI7ah3edNcUlRdUPOgg=
github.com/containerd/containerd v1.6.4/go.mod h1:oWOqbuJUZmOVafhA0lj2NAXbiO1u7F0K5l1bUgdyo94=
github.com/containerd/continuity v0.0.0-20190426062206-aaeac12a7ffc/go.mod h1:GL3xCUCBDV3CZiTSEKksMWbLE66hEyuu9qyDOOqM47Y=
github.com/containerd/continuity v0.0.0-20190815185530-f2a389ac0a02/go.mod h1:GL3xCUCBDV3CZiTSEKksMWbLE66hEyuu9qyDOOqM47Y=
github.com/containerd/continuity v0.0.0-20191127005431-f65d91d395eb/go.mod h1:GL3xCUCBDV3CZiTSEKksMWbLE66hEyuu9qyDOOqM47Y=
github.com/containerd/continuity v0.0.0-20200710164510-efbc4488d8fe/go.mod h1:cECdGN1O8G9bgKTlLhuPJimka6Xb/Gg7vYzCTNVxhvo=
github.com/containerd/continuity v0.0.0-20201208142359-180525291bb7/go.mod h1:kR3BEg7bDFaEddKm54WSmrol1fKWDU1nKYkgrcgZT7Y=
github.com/containerd/continuity v0.0.0-20210208174643-50096c924a4e/go.mod h1:EXlVlkqNba9rJe3j7w3Xa924itAMLgZH4UD/Q4PExuQ=
github.com/containerd/continuity v0.1.0/go.mod h1:ICJu0PwR54nI0yPEnJ6jcS+J7CZAUXrLh8lPo2knzsM=
github.com/containerd/continuity v0.3.0 h1:nisirsYROK15TAMVukJOUyGJjz4BNQJBVsNvAXZJ/eg=
github.com/containerd/continuity v0.3.0/go.mod h1:wJEAIwKOm/pBZuBd0JmeTvnLquTB1Ag8espWhkykbPM=
github.com/containerd/fifo v0.0.0-20180307165137-3d5202aec260/go.mod h1:ODA38xgv3Kuk8dQz2ZQXpnv/UZZUHUCL7pnLehbXgQI=
github.com/containerd/fifo v0.0.0-20190226154929-a9fb20d87448/go.mod h1:ODA38xgv3Kuk8dQz2ZQXpnv/UZZUHUCL7pnLehbXgQI=
github.com/containerd/fifo v0.0.0-20200410184934-f15a3290365b/go.mod h1:jPQ2IAeZRCYxpS/Cm1495vGFww6ecHmMk1YJH2Q5ln0=
github.com/containerd/fifo v0.0.0-20201026212402-0724c46b320c/go.mod h1:jPQ2IAeZRCYxpS/Cm1495vGFww6ecHmMk1YJH2Q5ln0=
github.com/containerd/fifo v0.0.0-20210316144830-115abcc95a1d/go.mod h1:ocF/ME1SX5b1AOlWi9r677YJmCPSwwWnQ9O123vzpE4=
github.com/containerd/fifo v1.0.0/go.mod h1:ocF/ME1SX5b1AOlWi9r677YJmCPSwwWnQ9O123vzpE4=
github.com/containerd/go-cni v1.0.1/go.mod h1:+vUpYxKvAF72G9i1WoDOiPGRtQpqsNW/ZHtSlv++smU=
github.com/containerd/go-cni v1.0.2/go.mod h1:nrNABBHzu0ZwCug9Ije8hL2xBCYh/pjfMb1aZGrrohk=
github.com/containerd/go-runc v0.0.0-20180907222934-5a6d9f37cfa3/go.mod h1:IV7qH3hrUgRmyYrtgEeGWJfWbgcHL9CSRruz2Vqcph0=
github.com/containerd/go-runc v0.0.0-20190911050354-e029b79d8cda/go.mod h1:IV7qH3hrUgRmyYrtgEeGWJfWbgcHL9CSRruz2Vqcph0=
github.com/containerd/go-runc v0.0.0-20200220073739-7016d3ce2328/go.mod h1:PpyHrqVs8FTi9vpyHwPwiNEGaACDxT/N/pLcvMSRA9g=
github.com/containerd/go-runc v0.0.0-20201020171139-16b287bc67d0/go.mod h1:cNU0ZbCgCQVZK4lgG3P+9tn9/PaJNmoDXPpoJhDR+Ok=
github.com/containerd/go-runc v1.0.0/go.mod h1:cNU0ZbCgCQVZK4lgG3P+9tn9/PaJNmoDXPpoJhDR+Ok=
github.com/containerd/imgcrypt v1.0.1/go.mod h1:mdd8cEPW7TPgNG4FpuP3sGBiQ7Yi/zak9TYCG3juvb0=
github.com/containerd/imgcrypt v1.0.4-0.20210301171431-0ae5c75f59ba/go.mod h1:6TNsg0ctmizkrOgXRNQjAPFWpMYRWuiB6dSF4Pfa5SA=
github.com/containerd/imgcrypt v1.1.1-0.20210312161619-7ed62a527887/go.mod h1:5AZJNI6sLHJljKuI9IHnw1pWqo/F0nGDOuR9zgTs7ow=
github.com/containerd/imgcrypt v1.1.1/go.mod h1:xpLnwiQmEUJPvQoAapeb2SNCxz7Xr6PJrXQb0Dpc4ms=
github.com/containerd/nri v0.0.0-20201007170849-eb1350a75164/go.mod h1:+2wGSDGFYfE5+So4M5syatU0N0f0LbWpuqyMi4/BE8c=
github.com/containerd/nri v0.0.0-20210316161719-dbaa18c31c14/go.mod h1:lmxnXF6oMkbqs39FiCt1s0R2HSMhcLel9vNL3m4AaeY=
github.com/containerd/nri v0.1.0/go.mod h1:lmxnXF6oMkbqs39FiCt1s0R2HSMhcLel9vNL3m4AaeY=
github.com/containerd/stargz-snapshotter/estargz v0.4.1/go.mod h1:x7Q9dg9QYb4+ELgxmo4gBUeJB0tl5dqH1Sdz0nJU1QM=
github.com/containerd/ttrpc v0.0.0-20190828154514-0e0f228740de/go.mod h1:PvCDdDGpgqzQIzDW1TphrGLssLDZp2GuS+X5DkEJB8o=
github.com/containerd/ttrpc v0.0.0-20190828172938-92c8520ef9f8/go.mod h1:PvCDdDGpgqzQIzDW1TphrGLssLDZp2GuS+X5DkEJB8o=
github.com/containerd/ttrpc v0.0.0-20191028202541-4f1b8fe65a5c/go.mod h1:LPm1u0xBw8r8NOKoOdNMeVHSawSsltak+Ihv+etqsE8=
github.com/containerd/ttrpc v1.0.1/go.mod h1:UAxOpgT9ziI0gJrmKvgcZivgxOp8iFPSk8httJEt98Y=
github.com/containerd/ttrpc v1.0.2/go.mod h1:UAxOpgT9ziI0gJrmKvgcZivgxOp8iFPSk8httJEt98Y=
github.com/containerd/ttrpc v1.1.0/go.mod h1:XX4ZTnoOId4HklF4edwc4DcqskFZuvXB1Evzy5KFQpQ=
github.com/containerd/typeurl v0.0.0-20180627222232-a93fcdb778cd/go.mod h1:Cm3kwCdlkCfMSHURc+r6fwoGH6/F1hH3S4sg0rLFWPc=
github.com/containerd/typeurl v0.0.0-20190911142611-5eb25027c9fd/go.mod h1:GeKYzf2pQcqv7tJ0AoCuuhtnqhva5LNU3U+OyKxxJpk=
github.com/containerd/typeurl v1.0.1/go.mod h1:TB1hUtrpaiO88KEK56ijojHS1+NeF0izUACaJW2mdXg=
github.com/containerd/typeurl v1.0.2/go.mod h1:9trJWW2sRlGub4wZJRTW83VtbOLS6hwcDZXTn6oPz9s=
github.com/containerd/zfs v0.0.0-20200918131355-0a33824f23a2/go.mod h1:8IgZOBdv8fAgXddBT4dBXJPtxyRsejFIpXoklgxgEjw=
github.com/containerd/zfs v0.0.0-20210301145711-11e8f1707f62/go.mod h1:A9zfAbMlQwE+/is6hi0Xw8ktpL+6glmqZYtevJgaB8Y=
github.com/containerd/zfs v0.0.0-20210315114300-dde8f0fda960/go.mod h1:m+m51S1DvAP6r3FcmYCp54bQ34pyOwTieQDNRIRHsFY=
github.com/containerd/zfs v0.0.0-20210324211415-d5c4544f0433/go.mod h1:m+m51S1DvAP6r3FcmYCp54bQ34pyOwTieQDNRIRHsFY=
github.com/containerd/zfs v1.0.0/go.mod h1:m+m51S1DvAP6r3FcmYCp54bQ34pyOwTieQDNRIRHsFY=
github.com/containernetworking/cni v0.7.1/go.mod h1:LGwApLUm2FpoOfxTDEeq8T9ipbpZ61X79hmU3w8FmsY=
github.com/containernetworking/cni v0.8.0/go.mod h1:LGwApLUm2FpoOfxTDEeq8T9ipbpZ61X79hmU3w8FmsY=
github.com/containernetworking/cni v0.8.1/go.mod h1:LGwApLUm2FpoOfxTDEeq8T9ipbpZ61X79hmU3w8FmsY=
github.com/containernetworking/plugins v0.8.6/go.mod h1:qnw5mN19D8fIwkqW7oHHYDHVlzhJpcY6TQxn/fUyDDM=
github.com/containernetworking/plugins v0.9.1/go.mod h1:xP/idU2ldlzN6m4p5LmGiwRDjeJr6FLK6vuiUwoH7P8=
github.com/containers/ocicrypt v1.0.1/go.mod h1:MeJDzk1RJHv89LjsH0Sp5KTY3ZYkjXO/C+bKAeWFIrc=
github.com/containers/ocicrypt v1.1.0/go.mod h1:b8AOe0YR67uU8OqfVNcznfFpAzu3rdgUV4GP9qXPfu4=
github.com/containers/ocicrypt v1.1.1/go.mod h1:Dm55fwWm1YZAjYRaJ94z2mfZikIyIN4B0oB3dj3jFxY=
github.com/coreos/bbolt v1.3.2/go.mod h1:iRUV2dpdMOn7Bo10OQBFzIJO9kkE559Wcmn+qkEiiKk=
github.com/coreos/etcd v3.3.10+incompatible/go.mod h1:uF7uidLiAD3TWHmW31ZFd/JWoc32PjwdhPthX9715RE=
github.com/coreos/go-iptables v0.4.5/go.mod h1:/mVI274lEDI2ns62jHCDnCyBF9Iwsmekav8Dbxlm1MU=
github.com/coreos/go-iptables v0.5.0/go.mod h1:/mVI274lEDI2ns62jHCDnCyBF9Iwsmekav8Dbxlm1MU=
github.com/coreos/go-oidc v2.1.0+incompatible/go.mod h1:CgnwVTmzoESiwO9qyAFEMiHoZ1nMCKZlZ9V6mm3/LKc=
github.com/coreos/go-semver v0.2.0/go.mod h1:nnelYz7RCh+5ahJtPPxZlU+153eP4D4r3EedlOD2RNk=
github.com/coreos/go-semver v0.3.0/go.mod h1:nnelYz7RCh+5ahJtPPxZlU+153eP4D4r3EedlOD2RNk=
github.com/coreos/go-systemd v0.0.0-20161114122254-48702e0da86b/go.mod h1:F5haX7vjVVG0kc13fIWeqUViNPyEJxv/OmvnBo0Yme4=
github.com/coreos/go-systemd v0.0.0-20180511133405-39ca1b05acc7/go.mod h1:F5haX7vjVVG0kc13fIWeqUViNPyEJxv/OmvnBo0Yme4=
github.com/coreos/go-systemd v0.0.0-20190321100706-95778dfbb74e/go.mod h1:F5haX7vjVVG0kc13fIWeqUViNPyEJxv/OmvnBo0Yme4=
github.com/coreos/go-systemd/v22 v22.0.0/go.mod h1:xO0FLkIi5MaZafQlIrOotqXZ90ih+1atmu1JpKERPPk=
github.com/coreos/go-systemd/v22 v22.1.0/go.mod h1:xO0FLkIi5MaZafQlIrOotqXZ90ih+1atmu1JpKERPPk=
github.com/coreos/go-systemd/v22 v22.3.2/go.mod h1:Y58oyj3AT4RCenI/lSvhwexgC+NSVTIJ3seZv2GcEnc=
github.com/coreos/pkg v0.0.0-20160727233714-3ac0863d7acf/go.mod h1:E3G3o1h8I7cfcXa63jLwjI0eiQQMgzzUDFVpN/nH/eA=
github.com/coreos/pkg v0.0.0-20180928190104-399ea9e2e55f/go.mod h1:E3G3o1h8I7cfcXa63jLwjI0eiQQMgzzUDFVpN/nH/eA=
github.com/cpuguy83/go-md2man/v2 v2.0.0-20190314233015-f79a8a8ca69d/go.mod h1:maD7wRr/U5Z6m/iR4s+kqSMx2CaBsrgA7czyZG/E6dU=
github.com/cpuguy83/go-md2man/v2 v2.0.0/go.mod h1:maD7wRr/U5Z6m/iR4s+kqSMx2CaBsrgA7czyZG/E6dU=
github.com/cpuguy83/go-md2man/v2 v2.0.1/go.mod h1:tgQtvFlXSQOSOSIRvRPT7W67SCa46tRHOmNcaadrF8o=
github.com/creack/pty v1.1.11 h1:07n33Z8lZxZ2qwegKbObQohDhXDQxiMMz1NOUGYlesw=
github.com/creack/pty v1.1.11/go.mod h1:oKZEueFk5CKHvIhNR5MUki03XCEU+Q6VDXinZuGJ33E=
github.com/danieljoos/wincred v1.1.0/go.mod h1:XYlo+eRTsVA9aHGp7NGjFkPla4m+DCL7hqDjlFjiygg=
github.com/davecgh/go-spew v1.1.0/go.mod h1:J7Y8YcW2NihsgmVo/mv3lAwl/skON4iLHjSsI+c5H38=
github.com/davecgh/go-spew v1.1.1 h1:vj9j/u1bqnvCEfJOwUhtlOARqs3+rkHYY13jYWTU97c=
github.com/davecgh/go-spew v1.1.1/go.mod h1:J7Y8YcW2NihsgmVo/mv3lAwl/skON4iLHjSsI+c5H38=
github.com/docker/cli v20.10.16+incompatible h1:aLQ8XowgKpR3/IysPj8qZQJBVQ+Qws61icFuZl6iKYs=
github.com/docker/cli v20.10.16+incompatible/go.mod h1:JLrzqnKDaYBop7H2jaqPtU4hHvMKP+vjCwu2uszcLI8=
github.com/docker/docker v20.10.16+incompatible h1:2Db6ZR/+FUR3hqPMwnogOPHFn405crbpxvWzKovETOQ=
github.com/docker/docker v20.10.16+incompatible/go.mod h1:eEKB0N0r5NX/I1kEveEz05bcu8tLC/8azJZsviup8Sk=
github.com/docker/docker-credential-helpers v0.6.4 h1:axCks+yV+2MR3/kZhAmy07yC56WZ2Pwu/fKWtKuZB0o=
github.com/docker/docker-credential-helpers v0.6.4/go.mod h1:ofX3UI0Gz1TteYBjtgs07O36Pyasyp66D2uKT7H8W1c=
github.com/google/go-cmp v0.3.0/go.mod h1:8QqcDgzrUqlUb/G2PQTWiueGozuR1884gddMywk6iLU=
github.com/google/go-cmp v0.4.0 h1:xsAVV57WRhGj6kEIi8ReJzQlHHqcBYCElAvkovg3B/4=
github.com/google/go-cmp v0.4.0/go.mod h1:v8dTdLbMG2kIc/vJvl+f65V22dbkXbowE6jgT/gNBxE=
github.com/inconshreveable/mousetrap v1.0.0 h1:Z8tu5sraLXCXIcARxBp/8cbvlwVa7Z1NHg9XEKhtSvM=
github.com/inconshreveable/mousetrap v1.0.0/go.mod h1:PxqpIevigyE2G7u3NXJIT2ANytuPF1OarO4DADm73n8=
github.com/moby/term v0.0.0-20210619224110-3f7ff695adc6 h1:dcztxKSvZ4Id8iPpHERQBbIJfabdt4wUm5qy3wOL2Zc=
github.com/moby/term v0.0.0-20210619224110-3f7ff695adc6/go.mod h1:E2VnQOmVuvZB6UYnnDB0qG5Nq/1tD9acaOpo6xmt0Kw=
github.com/opencontainers/go-digest v1.0.0 h1:apOUWs51W5PlhuyGyz9FCeeBIOUDA/6nW8Oi/yOhh5U=
github.com/opencontainers/go-digest v1.0.0/go.mod h1:0JzlMkj0TRzQZfJkVvzbP0HBR3IKzErnv2BNG4W4MAM=
github.com/opencontainers/image-spec v1.0.3-0.20211202183452-c5a74bcca799 h1:rc3tiVYb5z54aKaDfakKn0dDjIyPpTtszkjuMzyt7ec=
github.com/opencontainers/image-spec v1.0.3-0.20211202183452-c5a74bcca799/go.mod h1:BtxoFyWECRxE4U/7sNtV5W15zMzWCbyJoFRP3s7yZA0=
github.com/oras-project/artifacts-spec v1.0.0-draft.1.1 h1:2YMUDyDH0glYA4gNG/zEg9HNVzgGX8kr/NBLR9AQkLQ=
github.com/oras-project/artifacts-spec v1.0.0-draft.1.1/go.mod h1:Xch2aLzSwtkhbFFN6LUzTfLtukYvMMdXJ4oZ8O7BOdc=
github.com/pkg/errors v0.8.1/go.mod h1:bwawxfHBFNV+L2hUp1rHADufV3IMtnDRdf1r5NINEl0=
github.com/pkg/errors v0.9.1 h1:FEBLx1zS214owpjy7qsBeixbURkuhQAwrK5UwLGTwt4=
github.com/pkg/errors v0.9.1/go.mod h1:bwawxfHBFNV+L2hUp1rHADufV3IMtnDRdf1r5NINEl0=
github.com/pmezard/go-difflib v1.0.0 h1:4DBwDE0NGyQoBHbLQYPwSUPoCMWR5BEzIk/f1lZbAQM=
github.com/pmezard/go-difflib v1.0.0/go.mod h1:iKH77koFhYxTK1pcRnkKkqfTogsbg7gZNVY4sRDYZ/4=
github.com/russross/blackfriday/v2 v2.1.0/go.mod h1:+Rmxgy9KzJVeS9/2gXHxylqXiyQDYRxCVz55jmeOWTM=
github.com/sirupsen/logrus v1.8.1 h1:dJKuHgqk1NNQlqoA6BTlM1Wf9DOH3NBjQyu0h9+AZZE=
github.com/sirupsen/logrus v1.8.1/go.mod h1:yWOB1SBYBC5VeMP7gHvWumXLIWorT60ONWic61uBYv0=
github.com/spf13/cobra v1.4.0 h1:y+wJpx64xcgO1V+RcnwW0LEHxTKRi2ZDPSBjWnrg88Q=
github.com/spf13/cobra v1.4.0/go.mod h1:Wo4iy3BUC+X2Fybo0PDqwJIv3dNRiZLHQymsfxlB84g=
github.com/spf13/pflag v1.0.3/go.mod h1:DYY7MBk1bdzusC3SYhjObp+wFpr4gzcvqqNjLnInEg4=
github.com/spf13/pflag v1.0.5 h1:iy+VFUOCP1a+8yFto/drg2CJ5u0yRoB7fZw3DKv/JXA=
github.com/spf13/pflag v1.0.5/go.mod h1:McXfInJRrz4CZXVZOBLb0bTZqETkiAhM9Iw0y3An2Bg=
github.com/stretchr/objx v0.1.0/go.mod h1:HFkY916IF+rwdDfMAkV7OtwuqBVzrE8GR6GFx+wExME=
github.com/stretchr/testify v1.2.2/go.mod h1:a8OnRcib4nhh0OaRAV+Yts87kKdq0PP7pXfy6kDkUVs=
github.com/stretchr/testify v1.5.1 h1:nOGnQDM7FYENwehXlg/kFVnos3rEvtKTjRvOWSzb6H4=
github.com/stretchr/testify v1.5.1/go.mod h1:5W2xD1RspED5o8YsWQXVCued0rvSQ+mT+I5cxcmMvtA=
golang.org/x/crypto v0.0.0-20190308221718-c2843e01d9a2/go.mod h1:djNgcEr1/C05ACkg1iLfiJU5Ep61QUkGW8qpdssI0+w=
golang.org/x/net v0.0.0-20190311183353-d8887717615a/go.mod h1:t9HGtf8HONx5eT2rtn7q6eTqICYqUVnKs3thJo3Qplg=
golang.org/x/sync v0.0.0-20190423024810-112230192c58/go.mod h1:RxMgew5VJxzue5/jJTE5uejpjVlOe/izrB70Jof72aM=
golang.org/x/sync v0.0.0-20210220032951-036812b2e83c h1:5KslGYwFpkhGh+Q16bwMP3cOontH8FOep7tGV86Y7SQ=
golang.org/x/sync v0.0.0-20210220032951-036812b2e83c/go.mod h1:RxMgew5VJxzue5/jJTE5uejpjVlOe/izrB70Jof72aM=
golang.org/x/sys v0.0.0-20190215142949-d0b11bdaac8a/go.mod h1:STP8DvDyc/dI5b8T5hshtkjS+E42TnysNCUPdjciGhY=
golang.org/x/sys v0.0.0-20191026070338-33540a1f6037/go.mod h1:h1NjWce9XRLGQEsW7wpKNCjG9DtNlClVuFLEZdDNbEs=
golang.org/x/sys v0.0.0-20210119212857-b64e53b001e4/go.mod h1:h1NjWce9XRLGQEsW7wpKNCjG9DtNlClVuFLEZdDNbEs=
golang.org/x/sys v0.0.0-20210616094352-59db8d763f22 h1:RqytpXGR1iVNX7psjB3ff8y7sNFinVFvkx1c8SjBkio=
golang.org/x/sys v0.0.0-20210616094352-59db8d763f22/go.mod h1:oPkhp1MJrh7nUepCBck5+mAzfO9JrbApNNgaTdGDITg=
golang.org/x/text v0.3.0/go.mod h1:NqM8EUOU14njkJ3fqMW+pc6Ldnwhi/IjpwHt7yyuwOQ=
golang.org/x/tools v0.0.0-20190624222133-a101b041ded4/go.mod h1:/rFqwRUd4F7ZHNgwSSTFct+R/Kf4OFW1sUzUTQQTgfc=
golang.org/x/xerrors v0.0.0-20191204190536-9bdfabe68543/go.mod h1:I/5z698sn9Ka8TeJc9MKroUUfqBBauWjQqLJ2OPfmY0=
gopkg.in/check.v1 v0.0.0-20161208181325-20d25e280405/go.mod h1:Co6ibVJAznAaIkqp8huTwlJQCZ016jof/cbN4VW5Yz0=
gopkg.in/yaml.v2 v2.2.2/go.mod h1:hI93XBmqTisBFMUTm0b8Fm+jr3Dg1NNxqwp+5A1VGuI=
gopkg.in/yaml.v2 v2.4.0 h1:D8xgwECY7CYvx+Y2n4sBz93Jn9JRvxdiyyo8CTfuKaY=
gopkg.in/yaml.v2 v2.4.0/go.mod h1:RDklbk79AGWmwhnvt/jBztapEOGDOx6ZbXqjP6csGnQ=
gotest.tools/v3 v3.0.2 h1:kG1BFyqVHuQoVQiR1bWGnfz/fmHvvuiSPIV7rvl360E=
gotest.tools/v3 v3.0.2/go.mod h1:3SzNCllyD9/Y+b5r9JIKQ474KzkZyqLqEfYqMsX94Bk=
gotest.tools/v3 v3.0.3/go.mod h1:Z7Lb0S5l+klDB31fvDQX8ss/FlKDxtlFlw3Oa8Ymbl8=
gotest.tools/v3 v3.1.0 h1:rVV8Tcg/8jHUkPUorwjaMTtemIMVXfIPKiOqnhEhakk=
gotest.tools/v3 v3.1.0/go.mod h1:fHy7eyTmJFO5bQbUsEGQ1v4m2J3Jz9eWL54TP2/ZuYQ=
honnef.co/go/tools v0.0.0-20190102054323-c2f93a96b099/go.mod h1:rf3lG4BRIbNafJWhAfAdb/ePZxsR/4RtNHQocxwk9r4=
honnef.co/go/tools v0.0.0-20190106161140-3f1c8253044a/go.mod h1:rf3lG4BRIbNafJWhAfAdb/ePZxsR/4RtNHQocxwk9r4=
honnef.co/go/tools v0.0.0-20190418001031-e561f6794a2a/go.mod h1:rf3lG4BRIbNafJWhAfAdb/ePZxsR/4RtNHQocxwk9r4=
honnef.co/go/tools v0.0.0-20190523083050-ea95bdfd59fc/go.mod h1:rf3lG4BRIbNafJWhAfAdb/ePZxsR/4RtNHQocxwk9r4=
honnef.co/go/tools v0.0.1-2019.2.3/go.mod h1:a3bituU0lyd329TUQxRnasdCoJDkEUEAqEt0JzvZhAg=
honnef.co/go/tools v0.0.1-2020.1.3/go.mod h1:X/FiERA/W4tHapMX5mGpAtMSVEeEUOyHaw9vFzvIQ3k=
honnef.co/go/tools v0.0.1-2020.1.4/go.mod h1:X/FiERA/W4tHapMX5mGpAtMSVEeEUOyHaw9vFzvIQ3k=
k8s.io/api v0.20.1/go.mod h1:KqwcCVogGxQY3nBlRpwt+wpAMF/KjaCc7RpywacvqUo=
k8s.io/api v0.20.4/go.mod h1:++lNL1AJMkDymriNniQsWRkMDzRaX2Y/POTUi8yvqYQ=
k8s.io/api v0.20.6/go.mod h1:X9e8Qag6JV/bL5G6bU8sdVRltWKmdHsFUGS3eVndqE8=
k8s.io/apimachinery v0.20.1/go.mod h1:WlLqWAHZGg07AeltaI0MV5uk1Omp8xaN0JGLY6gkRpU=
k8s.io/apimachinery v0.20.4/go.mod h1:WlLqWAHZGg07AeltaI0MV5uk1Omp8xaN0JGLY6gkRpU=
k8s.io/apimachinery v0.20.6/go.mod h1:ejZXtW1Ra6V1O5H8xPBGz+T3+4gfkTCeExAHKU57MAc=
k8s.io/apiserver v0.20.1/go.mod h1:ro5QHeQkgMS7ZGpvf4tSMx6bBOgPfE+f52KwvXfScaU=
k8s.io/apiserver v0.20.4/go.mod h1:Mc80thBKOyy7tbvFtB4kJv1kbdD0eIH8k8vianJcbFM=
k8s.io/apiserver v0.20.6/go.mod h1:QIJXNt6i6JB+0YQRNcS0hdRHJlMhflFmsBDeSgT1r8Q=
k8s.io/client-go v0.20.1/go.mod h1:/zcHdt1TeWSd5HoUe6elJmHSQ6uLLgp4bIJHVEuy+/Y=
k8s.io/client-go v0.20.4/go.mod h1:LiMv25ND1gLUdBeYxBIwKpkSC5IsozMMmOOeSJboP+k=
k8s.io/client-go v0.20.6/go.mod h1:nNQMnOvEUEsOzRRFIIkdmYOjAZrC8bgq0ExboWSU1I0=
k8s.io/code-generator v0.19.7/go.mod h1:lwEq3YnLYb/7uVXLorOJfxg+cUu2oihFhHZ0n9NIla0=
k8s.io/component-base v0.20.1/go.mod h1:guxkoJnNoh8LNrbtiQOlyp2Y2XFCZQmrcg2n/DeYNLk=
k8s.io/component-base v0.20.4/go.mod h1:t4p9EdiagbVCJKrQ1RsA5/V4rFQNDfRlevJajlGwgjI=
k8s.io/component-base v0.20.6/go.mod h1:6f1MPBAeI+mvuts3sIdtpjljHWBQ2cIy38oBIWMYnrM=
k8s.io/cri-api v0.17.3/go.mod h1:X1sbHmuXhwaHs9xxYffLqJogVsnI+f6cPRcgPel7ywM=
k8s.io/cri-api v0.20.1/go.mod h1:2JRbKt+BFLTjtrILYVqQK5jqhI+XNdF6UiGMgczeBCI=
k8s.io/cri-api v0.20.4/go.mod h1:2JRbKt+BFLTjtrILYVqQK5jqhI+XNdF6UiGMgczeBCI=
k8s.io/cri-api v0.20.6/go.mod h1:ew44AjNXwyn1s0U4xCKGodU7J1HzBeZ1MpGrpa5r8Yc=
k8s.io/gengo v0.0.0-20200413195148-3a45101e95ac/go.mod h1:ezvh/TsK7cY6rbqRK0oQQ8IAqLxYwwyPxAX1Pzy0ii0=
k8s.io/gengo v0.0.0-20200428234225-8167cfdcfc14/go.mod h1:ezvh/TsK7cY6rbqRK0oQQ8IAqLxYwwyPxAX1Pzy0ii0=
k8s.io/gengo v0.0.0-20201113003025-83324d819ded/go.mod h1:FiNAH4ZV3gBg2Kwh89tzAEV2be7d5xI0vBa/VySYy3E=
k8s.io/klog/v2 v2.0.0/go.mod h1:PBfzABfn139FHAV07az/IF9Wp1bkk3vpT2XSJ76fSDE=
k8s.io/klog/v2 v2.2.0/go.mod h1:Od+F08eJP+W3HUb4pSrPpgp9DGU4GzlpG/TmITuYh/Y=
k8s.io/klog/v2 v2.4.0/go.mod h1:Od+F08eJP+W3HUb4pSrPpgp9DGU4GzlpG/TmITuYh/Y=
k8s.io/kube-openapi v0.0.0-20200805222855-6aeccd4b50c6/go.mod h1:UuqjUnNftUyPE5H64/qeyjQoUZhGpeFDVdxjTeEVN2o=
k8s.io/kube-openapi v0.0.0-20201113171705-d219536bb9fd/go.mod h1:WOJ3KddDSol4tAGcJo0Tvi+dK12EcqSLqcWsryKMpfM=
k8s.io/kubernetes v1.13.0/go.mod h1:ocZa8+6APFNC2tX1DZASIbocyYT5jHzqFVsY5aoB7Jk=
k8s.io/utils v0.0.0-20201110183641-67b214c5f920/go.mod h1:jPW/WVKK9YHAvNhRxK0md/EJ228hCsBRufyofKtW8HA=
oras.land/oras-go v0.4.0 h1:u6+7D+raZDYHwlz/uOwNANiRmyYDSSMW7A9E1xXycUQ=
oras.land/oras-go v0.4.0/go.mod h1:VJcU+VE4rkclUbum5C0O7deEZbBYnsnpbGSACwTjOcg=
rsc.io/binaryregexp v0.2.0/go.mod h1:qTv7/COck+e2FymRvadv62gMdZztPaShugOCi3I+8D8=
rsc.io/letsencrypt v0.0.3 h1:H7xDfhkaFFSYEJlKeq38RwX2jYcnTeHuDQyT+mMNMwM=
rsc.io/letsencrypt v0.0.3/go.mod h1:buyQKZ6IXrRnB7TdkHP0RyEybLx18HHyOSoTyoOLqNY=
rsc.io/quote/v3 v3.1.0/go.mod h1:yEA65RcK8LyAZtP9Kv3t0HmxON59tX3rD+tICJqUlj0=
rsc.io/sampler v1.3.0/go.mod h1:T1hPZKmBbMNahiBKFy5HrXp6adAjACjK9JXDnKaTXpA=
sigs.k8s.io/apiserver-network-proxy/konnectivity-client v0.0.14/go.mod h1:LEScyzhFmoF5pso/YSeBstl57mOzx9xlU9n85RGrDQg=
sigs.k8s.io/apiserver-network-proxy/konnectivity-client v0.0.15/go.mod h1:LEScyzhFmoF5pso/YSeBstl57mOzx9xlU9n85RGrDQg=
sigs.k8s.io/structured-merge-diff/v4 v4.0.1/go.mod h1:bJZC9H9iH24zzfZ/41RGcq60oK1F7G282QMXDPYydCw=
sigs.k8s.io/structured-merge-diff/v4 v4.0.2/go.mod h1:bJZC9H9iH24zzfZ/41RGcq60oK1F7G282QMXDPYydCw=
sigs.k8s.io/structured-merge-diff/v4 v4.0.3/go.mod h1:bJZC9H9iH24zzfZ/41RGcq60oK1F7G282QMXDPYydCw=
sigs.k8s.io/yaml v1.1.0/go.mod h1:UJmg0vDUVViEyp3mgSv9WPwZCDxu4rQW1olrI1uml+o=
sigs.k8s.io/yaml v1.2.0/go.mod h1:yfXDCHCao9+ENCvLSE62v9VSji2MKu5jeNfTrofGhJc=
