# This file is autogenerated, do not edit; changes may be undone by the next 'dep ensure'.


[[projects]]
  digest = "1:1872596d45cb52913fcdea90d468f3e57435959e9c0d99ccb316ee76de341313"
  name = "github.com/containerd/containerd"
  packages = [
    "content",
    "errdefs",
    "images",
    "log",
    "platforms",
    "reference",
    "remotes",
    "remotes/docker",
  ]
  pruneopts = "UT"
  revision = "9b32062dc1f5a7c2564315c269b5059754f12b9d"
  version = "v1.2.1"

[[projects]]
  digest = "1:4c0989ca0bcd10799064318923b9bc2db6b4d6338dd75f3f2d86c3511aaaf5cf"
  name = "github.com/golang/protobuf"
  packages = [
    "proto",
    "ptypes",
    "ptypes/any",
    "ptypes/duration",
    "ptypes/timestamp",
  ]
  pruneopts = "UT"
  revision = "aa810b61a9c79d51363740d207bb46cf8e620ed5"
  version = "v1.2.0"

[[projects]]
  digest = "1:ee4d4af67d93cc7644157882329023ce9a7bcfce956a079069a9405521c7cc8d"
  name = "github.com/opencontainers/go-digest"
  packages = ["."]
  pruneopts = "UT"
  revision = "279bed98673dd5bef374d3b6e4b09e2af76183bf"
  version = "v1.0.0-rc1"

[[projects]]
  digest = "1:11db38d694c130c800d0aefb502fb02519e514dc53d9804ce51d1ad25ec27db6"
  name = "github.com/opencontainers/image-spec"
  packages = [
    "specs-go",
    "specs-go/v1",
  ]
  pruneopts = "UT"
  revision = "d60099175f88c47cd379c4738d158884749ed235"
  version = "v1.0.1"

[[projects]]
  digest = "1:40e195917a951a8bf867cd05de2a46aaf1806c50cf92eebf4c16f78cd196f747"
  name = "github.com/pkg/errors"
  packages = ["."]
  pruneopts = "UT"
  revision = "645ef00459ed84a119197bfb8d8205042c6df63d"
  version = "v0.8.0"

[[projects]]
  digest = "1:ee1da6524260ed66de5eacdf4def98a365576be6c6972faa8ef438bef324843d"
  name = "github.com/sirupsen/logrus"
  packages = ["."]
  pruneopts = "UT"
  revision = "202f25545ea4cf9b191ff7f846df5d87c9382c2b"
  version = "v1.0.0"

[[projects]]
  branch = "master"
  digest = "1:f8b491a7c25030a895a0e579742d07136e6958e77ef2d46e769db8eec4e58fcd"
  name = "golang.org/x/net"
  packages = [
    "context",
    "context/ctxhttp",
  ]
  pruneopts = "UT"
  revision = "927f97764cc334a6575f4b7a1584a147864d5723"

[[projects]]
  digest = "1:39ebcc2b11457b703ae9ee2e8cca0f68df21969c6102cb3b705f76cca0ea0239"
  name = "golang.org/x/sync"
  packages = ["errgroup"]
  pruneopts = "UT"
  revision = "450f422ab23cf9881c94e2db30cac0eb1b7cf80c"

[[projects]]
  branch = "master"
  digest = "1:9652da56be8fe4998e79e36be6b9d30fe4fd4aacb73ecf0d9b3a33228189dc7e"
  name = "golang.org/x/sys"
  packages = ["unix"]
  pruneopts = "UT"
  revision = "b4a75ba826a64a70990f11a225237acd6ef35c9f"

[[projects]]
  branch = "master"
  digest = "1:077c1c599507b3b3e9156d17d36e1e61928ee9b53a5b420f10f28ebd4a0b275c"
  name = "google.golang.org/genproto"
  packages = ["googleapis/rpc/status"]
  pruneopts = "UT"
  revision = "bd9b4fb69e2ffd37621a6caa54dcbead29b546f2"

[[projects]]
  digest = "1:1889eef86f8404fcc5fdd0915c99f504615d2ac1932e0189404594189cc55bfc"
  name = "google.golang.org/grpc"
  packages = [
    "codes",
    "status",
  ]
  pruneopts = "UT"
  revision = "61763f5bcf26276d4c255c89e9dcf8f9838a271b"
  version = "v1.10.1"

[solve-meta]
  analyzer-name = "dep"
  analyzer-version = 1
  input-imports = [
    "github.com/containerd/containerd/content",
    "github.com/containerd/containerd/remotes",
    "github.com/containerd/containerd/remotes/docker",
    "github.com/opencontainers/go-digest",
    "github.com/opencontainers/image-spec/specs-go",
    "github.com/opencontainers/image-spec/specs-go/v1",
  ]
  solver-name = "gps-cdcl"
  solver-version = 1
